github.com/lxn/win v0.0.0-20190508144640-5d15a47a4bff h1:SPjKdtaLSdnSdhGNdwcrMR4IF5g6NrEvc7/15EqkFLM=
github.com/lxn/win v0.0.0-20190508144640-5d15a47a4bff/go.mod h1:jACzEp9RV7NhfPJQkiCNTteU4nkZZVlvkNpYtVOZPfE=
golang.org/x/sys v0.1.0 h1:kunALQeHf1/185U1i0GOB/fy1IPRDDpuoOOqRReG57U=
golang.org/x/sys v0.1.0/go.mod h1:oPkhp1MJrh7nUepCBck5+mAzfO9JrbApNNgaTdGDITg=
