github.com/lxn/win v0.0.0-20190508144640-5d15a47a4bff h1:SPjKdtaLSdnSdhGNdwcrMR4IF5g6NrEvc7/15EqkFLM=
github.com/lxn/win v0.0.0-20190508144640-5d15a47a4bff/go.mod h1:jACzEp9RV7NhfPJQkiCNTteU4nkZZVlvkNpYtVOZPfE=
golang.org/x/sys v0.0.0-20190509141414-a5b02f93d862 h1:rM0ROo5vb9AdYJi1110yjWGMej9ITfKddS89P3Fkhug=
golang.org/x/sys v0.0.0-20190509141414-a5b02f93d862/go.mod h1:h1NjWce9XRLGQEsW7wpKNCjG9DtNlClVuFLEZdDNbEs=
